{
  "name": "adlc",
  "version": "1.0.2",
  "lockfileVersion": 3,
  "requires": true,
  "packages": {
    "": {
      "name": "adlc",
      "version": "1.0.2",
      "license": "MIT",
      "workspaces": [
        "packages/*"
      ],
      "devDependencies": {
        "typescript": "^5.4.5"
      },
      "engines": {
        "node": ">=18"
      }
    },
    "node_modules/@adlc/behavior-diff": {
      "resolved": "packages/behavior-diff",
      "link": true
    },
    "node_modules/@adlc/cli": {
      "resolved": "packages/cli",
      "link": true
    },
    "node_modules/@adlc/coldstart": {
      "resolved": "packages/coldstart",
      "link": true
    },
    "node_modules/@adlc/consensus-fix": {
      "resolved": "packages/consensus-fix",
      "link": true
    },
    "node_modules/@adlc/core": {
      "resolved": "packages/core",
      "link": true
    },
    "node_modules/@adlc/flail-detector": {
      "resolved": "packages/flail-detector",
      "link": true
    },
    "node_modules/@adlc/gate-fuzzing": {
      "resolved": "packages/gate-fuzzing",
      "link": true
    },
    "node_modules/@adlc/gate-manifest": {
      "resolved": "packages/gate-manifest",
      "link": true
    },
    "node_modules/@adlc/hollow-test": {
      "resolved": "packages/hollow-test",
      "link": true
    },
    "node_modules/@adlc/lesson-foundry": {
      "resolved": "packages/lesson-foundry",
      "link": true
    },
    "node_modules/@adlc/merge-forecast": {
      "resolved": "packages/merge-forecast",
      "link": true
    },
    "node_modules/@adlc/model-ratchet": {
      "resolved": "packages/model-ratchet",
      "link": true
    },
    "node_modules/@adlc/model-router": {
      "resolved": "packages/model-router",
      "link": true
    },
    "node_modules/@adlc/parallax": {
      "resolved": "packages/parallax",
      "link": true
    },
    "node_modules/@adlc/preflight": {
      "resolved": "packages/preflight",
      "link": true
    },
    "node_modules/@adlc/premortem": {
      "resolved": "packages/premortem",
      "link": true
    },
    "node_modules/@adlc/prosecute": {
      "resolved": "packages/prosecute",
      "link": true
    },
    "node_modules/@adlc/rails-guard": {
      "resolved": "packages/rails-guard",
      "link": true
    },
    "node_modules/@adlc/rejection-mining": {
      "resolved": "packages/rejection-mining",
      "link": true
    },
    "node_modules/@adlc/review-calibration": {
      "resolved": "packages/review-calibration",
      "link": true
    },
    "node_modules/@adlc/runner": {
      "resolved": "packages/runner",
      "link": true
    },
    "node_modules/@adlc/skill-rot": {
      "resolved": "packages/skill-rot",
      "link": true
    },
    "node_modules/@adlc/spec-lint": {
      "resolved": "packages/spec-lint",
      "link": true
    },
    "node_modules/typescript": {
      "version": "5.9.3",
      "resolved": "https://registry.npmjs.org/typescript/-/typescript-5.9.3.tgz",
      "integrity": "sha512-jl1vZzPDinLr9eUt3J/t7V6FgNEw9QjvBPdysz9KfQDD41fQrC2Y4vKQdiaUpFT4bXlb1RHhLpp8wtm6M5TgSw==",
      "dev": true,
      "license": "Apache-2.0",
      "bin": {
        "tsc": "bin/tsc",
        "tsserver": "bin/tsserver"
      },
      "engines": {
        "node": ">=14.17"
      }
    },
    "packages/behavior-diff": {
      "name": "@adlc/behavior-diff",
      "version": "1.0.2",
      "license": "MIT",
      "dependencies": {
        "@adlc/core": "1.0.2"
      },
      "bin": {
        "behavior-diff": "bin/behavior-diff.mjs"
      },
      "engines": {
        "node": ">=18"
      }
    },
    "packages/cli": {
      "name": "@adlc/cli",
      "version": "1.0.2",
      "license": "MIT",
      "dependencies": {
        "@adlc/behavior-diff": "1.0.2",
        "@adlc/coldstart": "1.0.2",
        "@adlc/consensus-fix": "1.0.2",
        "@adlc/flail-detector": "1.0.2",
        "@adlc/gate-fuzzing": "1.0.2",
        "@adlc/gate-manifest": "1.0.2",
        "@adlc/hollow-test": "1.0.2",
        "@adlc/lesson-foundry": "1.0.2",
        "@adlc/merge-forecast": "1.0.2",
        "@adlc/model-ratchet": "1.0.2",
        "@adlc/model-router": "1.0.2",
        "@adlc/parallax": "1.0.2",
        "@adlc/preflight": "1.0.2",
        "@adlc/premortem": "1.0.2",
        "@adlc/prosecute": "1.0.2",
        "@adlc/rails-guard": "1.0.2",
        "@adlc/rejection-mining": "1.0.2",
        "@adlc/review-calibration": "1.0.2",
        "@adlc/runner": "1.0.2",
        "@adlc/skill-rot": "1.0.2",
        "@adlc/spec-lint": "1.0.2"
      },
      "bin": {
        "adlc": "bin/adlc.mjs"
      },
      "engines": {
        "node": ">=18"
      }
    },
    "packages/coldstart": {
      "name": "@adlc/coldstart",
      "version": "1.0.2",
      "license": "MIT",
      "dependencies": {
        "@adlc/core": "1.0.2"
      },
      "bin": {
        "coldstart": "bin/coldstart.mjs"
      },
      "engines": {
        "node": ">=18"
      }
    },
    "packages/consensus-fix": {
      "name": "@adlc/consensus-fix",
      "version": "1.0.2",
      "license": "MIT",
      "dependencies": {
        "@adlc/core": "1.0.2"
      },
      "bin": {
        "consensus-fix": "bin/consensus-fix.mjs"
      },
      "engines": {
        "node": ">=18"
      }
    },
    "packages/core": {
      "name": "@adlc/core",
      "version": "1.0.2",
      "license": "MIT",
      "engines": {
        "node": ">=18"
      }
    },
    "packages/flail-detector": {
      "name": "@adlc/flail-detector",
      "version": "1.0.2",
      "license": "MIT",
      "dependencies": {
        "@adlc/core": "1.0.2"
      },
      "bin": {
        "flail-detector": "bin/flail-detector.mjs"
      },
      "engines": {
        "node": ">=18"
      }
    },
    "packages/gate-fuzzing": {
      "name": "@adlc/gate-fuzzing",
      "version": "1.0.2",
      "license": "MIT",
      "dependencies": {
        "@adlc/core": "1.0.2"
      },
      "bin": {
        "gate-fuzzing": "bin/gate-fuzzing.mjs"
      },
      "engines": {
        "node": ">=18"
      }
    },
    "packages/gate-manifest": {
      "name": "@adlc/gate-manifest",
      "version": "1.0.2",
      "license": "MIT",
      "dependencies": {
        "@adlc/core": "1.0.2"
      },
      "bin": {
        "gate-manifest": "bin/gate-manifest.mjs"
      },
      "engines": {
        "node": ">=18"
      }
    },
    "packages/hollow-test": {
      "name": "@adlc/hollow-test",
      "version": "1.0.2",
      "license": "MIT",
      "dependencies": {
        "@adlc/core": "1.0.2"
      },
      "bin": {
        "hollow-test": "bin/hollow-test.mjs"
      },
      "engines": {
        "node": ">=18"
      }
    },
    "packages/lesson-foundry": {
      "name": "@adlc/lesson-foundry",
      "version": "1.0.2",
      "license": "MIT",
      "dependencies": {
        "@adlc/core": "1.0.2"
      },
      "bin": {
        "lesson-foundry": "bin/lesson-foundry.mjs"
      },
      "engines": {
        "node": ">=18"
      }
    },
    "packages/merge-forecast": {
      "name": "@adlc/merge-forecast",
      "version": "1.0.2",
      "license": "MIT",
      "dependencies": {
        "@adlc/core": "1.0.2"
      },
      "bin": {
        "merge-forecast": "bin/merge-forecast.mjs"
      },
      "engines": {
        "node": ">=18"
      }
    },
    "packages/model-ratchet": {
      "name": "@adlc/model-ratchet",
      "version": "1.0.2",
      "license": "MIT",
      "dependencies": {
        "@adlc/core": "1.0.2"
      },
      "bin": {
        "model-ratchet": "bin/model-ratchet.mjs"
      },
      "engines": {
        "node": ">=18"
      }
    },
    "packages/model-router": {
      "name": "@adlc/model-router",
      "version": "1.0.2",
      "license": "MIT",
      "dependencies": {
        "@adlc/core": "1.0.2"
      },
      "bin": {
        "model-router": "bin/model-router.mjs"
      },
      "engines": {
        "node": ">=18"
      }
    },
    "packages/parallax": {
      "name": "@adlc/parallax",
      "version": "1.0.2",
      "license": "MIT",
      "dependencies": {
        "@adlc/core": "1.0.2"
      },
      "bin": {
        "parallax": "bin/parallax.mjs"
      },
      "engines": {
        "node": ">=18"
      }
    },
    "packages/preflight": {
      "name": "@adlc/preflight",
      "version": "1.0.2",
      "license": "MIT",
      "dependencies": {
        "@adlc/core": "1.0.2"
      },
      "bin": {
        "preflight": "bin/preflight.mjs"
      },
      "engines": {
        "node": ">=18"
      }
    },
    "packages/premortem": {
      "name": "@adlc/premortem",
      "version": "1.0.2",
      "license": "MIT",
      "dependencies": {
        "@adlc/core": "1.0.2"
      },
      "bin": {
        "premortem": "bin/premortem.mjs"
      },
      "engines": {
        "node": ">=18"
      }
    },
    "packages/prosecute": {
      "name": "@adlc/prosecute",
      "version": "1.0.2",
      "license": "MIT",
      "dependencies": {
        "@adlc/core": "1.0.2"
      },
      "bin": {
        "adlc-prosecute": "bin/adlc-prosecute.mjs"
      },
      "engines": {
        "node": ">=18"
      }
    },
    "packages/rails-guard": {
      "name": "@adlc/rails-guard",
      "version": "1.0.2",
      "license": "MIT",
      "dependencies": {
        "@adlc/core": "1.0.2"
      },
      "bin": {
        "rails-guard": "bin/rails-guard.mjs"
      },
      "engines": {
        "node": ">=18"
      }
    },
    "packages/rejection-mining": {
      "name": "@adlc/rejection-mining",
      "version": "1.0.2",
      "license": "MIT",
      "dependencies": {
        "@adlc/core": "1.0.2"
      },
      "bin": {
        "rejection-mining": "bin/rejection-mining.mjs"
      },
      "engines": {
        "node": ">=18"
      }
    },
    "packages/review-calibration": {
      "name": "@adlc/review-calibration",
      "version": "1.0.2",
      "license": "MIT",
      "dependencies": {
        "@adlc/core": "1.0.2"
      },
      "bin": {
        "review-calibration": "bin/review-calibration.mjs"
      },
      "engines": {
        "node": ">=18"
      }
    },
    "packages/runner": {
      "name": "@adlc/runner",
      "version": "1.0.2",
      "license": "MIT",
      "dependencies": {
        "@adlc/core": "1.0.2"
      },
      "bin": {
        "adlc-runner": "bin/adlc.mjs"
      },
      "engines": {
        "node": ">=18"
      }
    },
    "packages/skill-rot": {
      "name": "@adlc/skill-rot",
      "version": "1.0.2",
      "license": "MIT",
      "dependencies": {
        "@adlc/core": "1.0.2"
      },
      "bin": {
        "skill-rot": "bin/skill-rot.mjs"
      },
      "engines": {
        "node": ">=18"
      }
    },
    "packages/spec-lint": {
      "name": "@adlc/spec-lint",
      "version": "1.0.2",
      "license": "MIT",
      "dependencies": {
        "@adlc/core": "1.0.2"
      },
      "bin": {
        "spec-lint": "bin/spec-lint.mjs"
      },
      "engines": {
        "node": ">=18"
      }
    }
  }
}
